
Microsoft Visual Studio Solution File, Format Version 12.00
# Visual Studio 15
VisualStudioVersion = 15.0.28010.2016
MinimumVisualStudioVersion = 10.0.40219.1
Project("{FAE04EC0-301F-11D3-BF4B-00C04F79EFBC}") = "LoopTask1.0", "LoopTask1.0\LoopTask1.0.csproj", "{426816DB-B976-4C21-8505-DA4EFBBD91E5}"
EndProject
Global
	GlobalSection(SolutionConfigurationPlatforms) = preSolution
		Debug|Any CPU = Debug|Any CPU
		Release|Any CPU = Release|Any CPU
	EndGlobalSection
	GlobalSection(ProjectConfigurationPlatforms) = postSolution
		{426816DB-B976-4C21-8505-DA4EFBBD91E5}.Debug|Any CPU.ActiveCfg = Debug|Any CPU
		{426816DB-B976-4C21-8505-DA4EFBBD91E5}.Debug|Any CPU.Build.0 = Debug|Any CPU
		{426816DB-B976-4C21-8505-DA4EFBBD91E5}.Release|Any CPU.ActiveCfg = Release|Any CPU
		{426816DB-B976-4C21-8505-DA4EFBBD91E5}.Release|Any CPU.Build.0 = Release|Any CPU
	EndGlobalSection
	GlobalSection(SolutionProperties) = preSolution
		HideSolutionNode = FALSE
	EndGlobalSection
	GlobalSection(ExtensibilityGlobals) = postSolution
		SolutionGuid = {19C73DF4-8954-46B1-8228-7FBAD0BBA195}
	EndGlobalSection
EndGlobal
